# Generated by pub
# See http://pub.dartlang.org/doc/glossary.html#lockfile
packages:
  mojo:
    description:
      path: "/src/sky_sdk/packages/mojo"
      relative: false
    source: path
    version: "0.0.2"
  sky:
    description:
      path: "/src/sky_sdk/packages/sky"
      relative: false
    source: path
    version: "0.0.3"
